{
    "_readme": [
        "This file locks the dependencies of your project to a known state",
        "Read more about it at https://getcomposer.org/doc/01-basic-usage.md#installing-dependencies",
        "This file is @generated automatically"
    ],
    "content-hash": "c26616f4981f48aa1ba136f6029fd2a8",
    "packages": [
        {
            "name": "getkirby/composer-installer",
            "version": "1.2.1",
            "source": {
                "type": "git",
                "url": "https://github.com/getkirby/composer-installer.git",
                "reference": "c98ece30bfba45be7ce457e1102d1b169d922f3d"
            },
            "dist": {
                "type": "zip",
                "url": "https://api.github.com/repos/getkirby/composer-installer/zipball/c98ece30bfba45be7ce457e1102d1b169d922f3d",
                "reference": "c98ece30bfba45be7ce457e1102d1b169d922f3d",
                "shasum": ""
            },
            "require": {
                "composer-plugin-api": "^1.0 || ^2.0"
            },
            "require-dev": {
                "composer/composer": "^1.8 || ^2.0"
            },
            "type": "composer-plugin",
            "extra": {
                "class": "Kirby\\ComposerInstaller\\Plugin"
            },
            "autoload": {
                "psr-4": {
                    "Kirby\\": "src/"
                }
            },
            "notification-url": "https://packagist.org/downloads/",
            "license": [
                "MIT"
            ],
            "description": "Kirby's custom Composer installer for the Kirby CMS and for Kirby plugins",
            "homepage": "https://getkirby.com",
            "support": {
                "issues": "https://github.com/getkirby/composer-installer/issues",
                "source": "https://github.com/getkirby/composer-installer/tree/1.2.1"
            },
            "funding": [
                {
                    "url": "https://getkirby.com/buy",
                    "type": "custom"
                }
            ],
            "time": "2020-12-28T12:54:39+00:00"
        }
    ],
    "packages-dev": [
        {
            "name": "tobimori/kirby-dreamform",
            "version": "2.1.5",
            "source": {
                "type": "git",
                "url": "https://github.com/tobimori/kirby-dreamform.git",
                "reference": "520d5740bed7022f407186e1914c673dd961863b"
            },
            "dist": {
                "type": "zip",
                "url": "https://api.github.com/repos/tobimori/kirby-dreamform/zipball/520d5740bed7022f407186e1914c673dd961863b",
                "reference": "520d5740bed7022f407186e1914c673dd961863b",
                "shasum": ""
            },
            "require": {
                "getkirby/composer-installer": "^1.2.1",
                "php": ">=8.3.0"
            },
            "require-dev": {
                "getkirby/cms": "^5"
            },
            "type": "kirby-plugin",
            "extra": {
                "kirby-cms-path": false
            },
            "autoload": {
                "psr-4": {
                    "tobimori\\DreamForm\\": "classes"
                }
            },
            "notification-url": "https://packagist.org/downloads/",
            "license": [
                "proprietary"
            ],
            "authors": [
                {
                    "name": "Tobias Möritz",
                    "email": "tobias@moeritz.io"
                }
            ],
            "description": "Kirby DreamForm is an opiniated form builder plugin for Kirby CMS 4+ that makes forms work like magic",
            "homepage": "https://plugins.andkindness.com/dreamform",
            "support": {
                "issues": "https://github.com/tobimori/kirby-dreamform/issues",
                "source": "https://github.com/tobimori/kirby-dreamform/tree/2.1.5"
            },
            "funding": [
                {
                    "url": "https://plugins.andkindness.com/dreamform/pricing",
                    "type": "custom"
                }
            ],
            "time": "2026-01-23T16:32:29+00:00"
        }
    ],
    "aliases": [],
    "minimum-stability": "stable",
    "stability-flags": {},
    "prefer-stable": false,
    "prefer-lowest": false,
    "platform": {
        "php": ">=8.3.0"
    },
    "platform-dev": {},
    "plugin-api-version": "2.9.0"
}
